# THIS IS AN AUTOGENERATED FILE. DO NOT EDIT THIS FILE DIRECTLY.
# yarn lockfile v1


"@types/jquery@^3.5.5":
  version "3.5.30"
  resolved "https://registry.yarnpkg.com/@types/jquery/-/jquery-3.5.30.tgz#888d584cbf844d3df56834b69925085038fd80f7"
  integrity sha512-nbWKkkyb919DOUxjmRVk8vwtDb0/k8FKncmUKFi+NY+QXqWltooxTrswvz4LspQwxvLdvzBN1TImr6cw3aQx2A==
  dependencies:
    "@types/sizzle" "*"

"@types/mithril@^2.0.7":
  version "2.2.6"
  resolved "https://registry.yarnpkg.com/@types/mithril/-/mithril-2.2.6.tgz#fc93cffb294a65f592ecfc9f05d38f0df6f01ef1"
  integrity sha512-cU142pS/rDHpE0NlC2XJpejD2ihzMQ+jI7R0cOLCVWRQJFxwD9CUxJGdRmWu9DrGLr52G2QjMRCfXs+ew4LD2Q==

"@types/sizzle@*":
  version "2.3.8"
  resolved "https://registry.yarnpkg.com/@types/sizzle/-/sizzle-2.3.8.tgz#518609aefb797da19bf222feb199e8f653ff7627"
  integrity sha512-0vWLNK2D5MT9dg0iOo8GlKguPAU02QjmZitPEsXRuJXU/OGIOt9vT9Fc26wtYuavLxtO45v9PGleoL9Z0k1LHg==

"@types/throttle-debounce@^2.1.0":
  version "2.1.0"
  resolved "https://registry.yarnpkg.com/@types/throttle-debounce/-/throttle-debounce-2.1.0.tgz#1c3df624bfc4b62f992d3012b84c56d41eab3776"
  integrity sha512-5eQEtSCoESnh2FsiLTxE121IiE60hnMqcb435fShf4bpLRjEu1Eoekht23y6zXS9Ts3l+Szu3TARnTsA0GkOkQ==

dayjs@^1.10.4:
  version "1.11.11"
  resolved "https://registry.yarnpkg.com/dayjs/-/dayjs-1.11.11.tgz#dfe0e9d54c5f8b68ccf8ca5f72ac603e7e5ed59e"
  integrity sha512-okzr3f11N6WuqYtZSvm+F776mB41wRZMhKP+hc34YdW+KmtYYK9iqvHSwo2k9FEH3fhGXvOPV6yz2IcSrfRUDg==

flarum-tsconfig@^1.0.2:
  version "1.0.2"
  resolved "https://registry.yarnpkg.com/flarum-tsconfig/-/flarum-tsconfig-1.0.2.tgz#1dda4d867a1dddc627c2afbc74af12d602371ecd"
  integrity sha512-RUaN7D6noLK9vY1F86NIc+IlIP1YAA3bJ4jGR5pIm8UxvLBLW8qrAHzIosuQJgvnge7VgTA5c2LoNefUK/9EiQ==
  dependencies:
    "@types/jquery" "^3.5.5"
    "@types/mithril" "^2.0.7"
    "@types/throttle-debounce" "^2.1.0"
    dayjs "^1.10.4"
